
Microsoft Visual Studio Solution File, Format Version 12.00
# Visual Studio Version 16
VisualStudioVersion = 16.0.29613.14
MinimumVisualStudioVersion = 10.0.40219.1
Project("{FAE04EC0-301F-11D3-BF4B-00C04F79EFBC}") = "APIAssignment", "APIAssignment\APIAssignment.csproj", "{021C3A1D-6BEC-47BC-8C8D-B62798FB63AF}"
EndProject
Global
	GlobalSection(SolutionConfigurationPlatforms) = preSolution
		Debug|Any CPU = Debug|Any CPU
		Release|Any CPU = Release|Any CPU
	EndGlobalSection
	GlobalSection(ProjectConfigurationPlatforms) = postSolution
		{021C3A1D-6BEC-47BC-8C8D-B62798FB63AF}.Debug|Any CPU.ActiveCfg = Debug|Any CPU
		{021C3A1D-6BEC-47BC-8C8D-B62798FB63AF}.Debug|Any CPU.Build.0 = Debug|Any CPU
		{021C3A1D-6BEC-47BC-8C8D-B62798FB63AF}.Release|Any CPU.ActiveCfg = Release|Any CPU
		{021C3A1D-6BEC-47BC-8C8D-B62798FB63AF}.Release|Any CPU.Build.0 = Release|Any CPU
	EndGlobalSection
	GlobalSection(SolutionProperties) = preSolution
		HideSolutionNode = FALSE
	EndGlobalSection
	GlobalSection(ExtensibilityGlobals) = postSolution
		SolutionGuid = {F3E4F23C-7439-499A-9ED5-45D0528CDAF5}
	EndGlobalSection
EndGlobal
