
Microsoft Visual Studio Solution File, Format Version 12.00
# Visual Studio Version 16
VisualStudioVersion = 16.0.29613.14
MinimumVisualStudioVersion = 10.0.40219.1
Project("{FAE04EC0-301F-11D3-BF4B-00C04F79EFBC}") = "APIDemo2", "APIDemo2\APIDemo2.csproj", "{3BBE8D6B-CE94-4A97-80C3-5556989F7ADB}"
EndProject
Global
	GlobalSection(SolutionConfigurationPlatforms) = preSolution
		Debug|Any CPU = Debug|Any CPU
		Release|Any CPU = Release|Any CPU
	EndGlobalSection
	GlobalSection(ProjectConfigurationPlatforms) = postSolution
		{3BBE8D6B-CE94-4A97-80C3-5556989F7ADB}.Debug|Any CPU.ActiveCfg = Debug|Any CPU
		{3BBE8D6B-CE94-4A97-80C3-5556989F7ADB}.Debug|Any CPU.Build.0 = Debug|Any CPU
		{3BBE8D6B-CE94-4A97-80C3-5556989F7ADB}.Release|Any CPU.ActiveCfg = Release|Any CPU
		{3BBE8D6B-CE94-4A97-80C3-5556989F7ADB}.Release|Any CPU.Build.0 = Release|Any CPU
	EndGlobalSection
	GlobalSection(SolutionProperties) = preSolution
		HideSolutionNode = FALSE
	EndGlobalSection
	GlobalSection(ExtensibilityGlobals) = postSolution
		SolutionGuid = {7C298223-33A8-43C6-8C4E-DB0A6DE93173}
	EndGlobalSection
EndGlobal
