
Microsoft Visual Studio Solution File, Format Version 12.00
# Visual Studio Version 16
VisualStudioVersion = 16.0.29613.14
MinimumVisualStudioVersion = 10.0.40219.1
Project("{FAE04EC0-301F-11D3-BF4B-00C04F79EFBC}") = "EmployeeDManagement", "EmployeeDManagement.csproj", "{660076E6-7575-4601-9FD0-D2AC424FAA78}"
EndProject
Global
	GlobalSection(SolutionConfigurationPlatforms) = preSolution
		Debug|Any CPU = Debug|Any CPU
		Release|Any CPU = Release|Any CPU
	EndGlobalSection
	GlobalSection(ProjectConfigurationPlatforms) = postSolution
		{660076E6-7575-4601-9FD0-D2AC424FAA78}.Debug|Any CPU.ActiveCfg = Debug|Any CPU
		{660076E6-7575-4601-9FD0-D2AC424FAA78}.Debug|Any CPU.Build.0 = Debug|Any CPU
		{660076E6-7575-4601-9FD0-D2AC424FAA78}.Release|Any CPU.ActiveCfg = Release|Any CPU
		{660076E6-7575-4601-9FD0-D2AC424FAA78}.Release|Any CPU.Build.0 = Release|Any CPU
	EndGlobalSection
	GlobalSection(SolutionProperties) = preSolution
		HideSolutionNode = FALSE
	EndGlobalSection
	GlobalSection(ExtensibilityGlobals) = postSolution
		SolutionGuid = {D677C97D-D297-4FD8-B5A9-238812342DC3}
	EndGlobalSection
EndGlobal
