
Microsoft Visual Studio Solution File, Format Version 12.00
# Visual Studio Version 16
VisualStudioVersion = 16.0.29613.14
MinimumVisualStudioVersion = 10.0.40219.1
Project("{FAE04EC0-301F-11D3-BF4B-00C04F79EFBC}") = "AssignDelegate", "AssignDelegate.csproj", "{B4B7BA0C-1F9A-4441-A6EF-AA5BBAA375B3}"
EndProject
Global
	GlobalSection(SolutionConfigurationPlatforms) = preSolution
		Debug|Any CPU = Debug|Any CPU
		Release|Any CPU = Release|Any CPU
	EndGlobalSection
	GlobalSection(ProjectConfigurationPlatforms) = postSolution
		{B4B7BA0C-1F9A-4441-A6EF-AA5BBAA375B3}.Debug|Any CPU.ActiveCfg = Debug|Any CPU
		{B4B7BA0C-1F9A-4441-A6EF-AA5BBAA375B3}.Debug|Any CPU.Build.0 = Debug|Any CPU
		{B4B7BA0C-1F9A-4441-A6EF-AA5BBAA375B3}.Release|Any CPU.ActiveCfg = Release|Any CPU
		{B4B7BA0C-1F9A-4441-A6EF-AA5BBAA375B3}.Release|Any CPU.Build.0 = Release|Any CPU
	EndGlobalSection
	GlobalSection(SolutionProperties) = preSolution
		HideSolutionNode = FALSE
	EndGlobalSection
	GlobalSection(ExtensibilityGlobals) = postSolution
		SolutionGuid = {776BADEA-CDDC-48A6-8761-36D60545B907}
	EndGlobalSection
EndGlobal
