
Microsoft Visual Studio Solution File, Format Version 12.00
# Visual Studio Version 16
VisualStudioVersion = 16.0.29613.14
MinimumVisualStudioVersion = 10.0.40219.1
Project("{FAE04EC0-301F-11D3-BF4B-00C04F79EFBC}") = "DemoException", "DemoException.csproj", "{CAD995C9-105A-42D9-9229-2745CE1E1765}"
EndProject
Global
	GlobalSection(SolutionConfigurationPlatforms) = preSolution
		Debug|Any CPU = Debug|Any CPU
		Release|Any CPU = Release|Any CPU
	EndGlobalSection
	GlobalSection(ProjectConfigurationPlatforms) = postSolution
		{CAD995C9-105A-42D9-9229-2745CE1E1765}.Debug|Any CPU.ActiveCfg = Debug|Any CPU
		{CAD995C9-105A-42D9-9229-2745CE1E1765}.Debug|Any CPU.Build.0 = Debug|Any CPU
		{CAD995C9-105A-42D9-9229-2745CE1E1765}.Release|Any CPU.ActiveCfg = Release|Any CPU
		{CAD995C9-105A-42D9-9229-2745CE1E1765}.Release|Any CPU.Build.0 = Release|Any CPU
	EndGlobalSection
	GlobalSection(SolutionProperties) = preSolution
		HideSolutionNode = FALSE
	EndGlobalSection
	GlobalSection(ExtensibilityGlobals) = postSolution
		SolutionGuid = {2A0A00C4-A77E-4A0C-BF4A-21C52C8756CE}
	EndGlobalSection
EndGlobal
