
Microsoft Visual Studio Solution File, Format Version 12.00
# Visual Studio Version 16
VisualStudioVersion = 16.0.29613.14
MinimumVisualStudioVersion = 10.0.40219.1
Project("{FAE04EC0-301F-11D3-BF4B-00C04F79EFBC}") = "DemoFile", "DemoFile.csproj", "{6CBE484C-86AD-4C2F-8355-9F703831382E}"
EndProject
Global
	GlobalSection(SolutionConfigurationPlatforms) = preSolution
		Debug|Any CPU = Debug|Any CPU
		Release|Any CPU = Release|Any CPU
	EndGlobalSection
	GlobalSection(ProjectConfigurationPlatforms) = postSolution
		{6CBE484C-86AD-4C2F-8355-9F703831382E}.Debug|Any CPU.ActiveCfg = Debug|Any CPU
		{6CBE484C-86AD-4C2F-8355-9F703831382E}.Debug|Any CPU.Build.0 = Debug|Any CPU
		{6CBE484C-86AD-4C2F-8355-9F703831382E}.Release|Any CPU.ActiveCfg = Release|Any CPU
		{6CBE484C-86AD-4C2F-8355-9F703831382E}.Release|Any CPU.Build.0 = Release|Any CPU
	EndGlobalSection
	GlobalSection(SolutionProperties) = preSolution
		HideSolutionNode = FALSE
	EndGlobalSection
	GlobalSection(ExtensibilityGlobals) = postSolution
		SolutionGuid = {756A8775-C4F2-4BEC-9840-B121E1CFB3F7}
	EndGlobalSection
EndGlobal
