
Microsoft Visual Studio Solution File, Format Version 12.00
# Visual Studio Version 16
VisualStudioVersion = 16.0.29613.14
MinimumVisualStudioVersion = 10.0.40219.1
Project("{FAE04EC0-301F-11D3-BF4B-00C04F79EFBC}") = "MVCDemoFrmWork", "MVCDemoFrmWork.csproj", "{8A699655-EE56-4353-B002-08FE2EA14E33}"
EndProject
Global
	GlobalSection(SolutionConfigurationPlatforms) = preSolution
		Debug|Any CPU = Debug|Any CPU
		Release|Any CPU = Release|Any CPU
	EndGlobalSection
	GlobalSection(ProjectConfigurationPlatforms) = postSolution
		{8A699655-EE56-4353-B002-08FE2EA14E33}.Debug|Any CPU.ActiveCfg = Debug|Any CPU
		{8A699655-EE56-4353-B002-08FE2EA14E33}.Debug|Any CPU.Build.0 = Debug|Any CPU
		{8A699655-EE56-4353-B002-08FE2EA14E33}.Release|Any CPU.ActiveCfg = Release|Any CPU
		{8A699655-EE56-4353-B002-08FE2EA14E33}.Release|Any CPU.Build.0 = Release|Any CPU
	EndGlobalSection
	GlobalSection(SolutionProperties) = preSolution
		HideSolutionNode = FALSE
	EndGlobalSection
	GlobalSection(ExtensibilityGlobals) = postSolution
		SolutionGuid = {DA4DFFBC-1F92-466D-A28D-0CB26D4F8064}
	EndGlobalSection
EndGlobal
