
Microsoft Visual Studio Solution File, Format Version 12.00
# Visual Studio Version 16
VisualStudioVersion = 16.0.29613.14
MinimumVisualStudioVersion = 10.0.40219.1
Project("{FAE04EC0-301F-11D3-BF4B-00C04F79EFBC}") = "GraduateStudent", "GraduateStudent.csproj", "{241F844F-D5E1-4DF7-AF08-316E399C1953}"
EndProject
Global
	GlobalSection(SolutionConfigurationPlatforms) = preSolution
		Debug|Any CPU = Debug|Any CPU
		Release|Any CPU = Release|Any CPU
	EndGlobalSection
	GlobalSection(ProjectConfigurationPlatforms) = postSolution
		{241F844F-D5E1-4DF7-AF08-316E399C1953}.Debug|Any CPU.ActiveCfg = Debug|Any CPU
		{241F844F-D5E1-4DF7-AF08-316E399C1953}.Debug|Any CPU.Build.0 = Debug|Any CPU
		{241F844F-D5E1-4DF7-AF08-316E399C1953}.Release|Any CPU.ActiveCfg = Release|Any CPU
		{241F844F-D5E1-4DF7-AF08-316E399C1953}.Release|Any CPU.Build.0 = Release|Any CPU
	EndGlobalSection
	GlobalSection(SolutionProperties) = preSolution
		HideSolutionNode = FALSE
	EndGlobalSection
	GlobalSection(ExtensibilityGlobals) = postSolution
		SolutionGuid = {1302CC20-38A6-4B05-A7FF-0EC00125EFA3}
	EndGlobalSection
EndGlobal
