
Microsoft Visual Studio Solution File, Format Version 12.00
# Visual Studio Version 16
VisualStudioVersion = 16.0.29613.14
MinimumVisualStudioVersion = 10.0.40219.1
Project("{FAE04EC0-301F-11D3-BF4B-00C04F79EFBC}") = "APIDEMO", "APIDEMO\APIDEMO.csproj", "{1749AE57-5FA7-4371-864F-22237A333E8E}"
EndProject
Global
	GlobalSection(SolutionConfigurationPlatforms) = preSolution
		Debug|Any CPU = Debug|Any CPU
		Release|Any CPU = Release|Any CPU
	EndGlobalSection
	GlobalSection(ProjectConfigurationPlatforms) = postSolution
		{1749AE57-5FA7-4371-864F-22237A333E8E}.Debug|Any CPU.ActiveCfg = Debug|Any CPU
		{1749AE57-5FA7-4371-864F-22237A333E8E}.Debug|Any CPU.Build.0 = Debug|Any CPU
		{1749AE57-5FA7-4371-864F-22237A333E8E}.Release|Any CPU.ActiveCfg = Release|Any CPU
		{1749AE57-5FA7-4371-864F-22237A333E8E}.Release|Any CPU.Build.0 = Release|Any CPU
	EndGlobalSection
	GlobalSection(SolutionProperties) = preSolution
		HideSolutionNode = FALSE
	EndGlobalSection
	GlobalSection(ExtensibilityGlobals) = postSolution
		SolutionGuid = {AAA4ED66-7DA9-4F71-885D-27350479FF2F}
	EndGlobalSection
EndGlobal
