
Microsoft Visual Studio Solution File, Format Version 12.00
# Visual Studio Version 16
VisualStudioVersion = 16.0.29613.14
MinimumVisualStudioVersion = 10.0.40219.1
Project("{FAE04EC0-301F-11D3-BF4B-00C04F79EFBC}") = "AssignInterface", "AssignInterface.csproj", "{4646EA2E-CD01-4117-9EAF-C715EF30B6BE}"
EndProject
Global
	GlobalSection(SolutionConfigurationPlatforms) = preSolution
		Debug|Any CPU = Debug|Any CPU
		Release|Any CPU = Release|Any CPU
	EndGlobalSection
	GlobalSection(ProjectConfigurationPlatforms) = postSolution
		{4646EA2E-CD01-4117-9EAF-C715EF30B6BE}.Debug|Any CPU.ActiveCfg = Debug|Any CPU
		{4646EA2E-CD01-4117-9EAF-C715EF30B6BE}.Debug|Any CPU.Build.0 = Debug|Any CPU
		{4646EA2E-CD01-4117-9EAF-C715EF30B6BE}.Release|Any CPU.ActiveCfg = Release|Any CPU
		{4646EA2E-CD01-4117-9EAF-C715EF30B6BE}.Release|Any CPU.Build.0 = Release|Any CPU
	EndGlobalSection
	GlobalSection(SolutionProperties) = preSolution
		HideSolutionNode = FALSE
	EndGlobalSection
	GlobalSection(ExtensibilityGlobals) = postSolution
		SolutionGuid = {6F16D1F7-243D-4A64-A12E-B1131B451D10}
	EndGlobalSection
EndGlobal
