
Microsoft Visual Studio Solution File, Format Version 12.00
# Visual Studio Version 16
VisualStudioVersion = 16.0.29613.14
MinimumVisualStudioVersion = 10.0.40219.1
Project("{FAE04EC0-301F-11D3-BF4B-00C04F79EFBC}") = "EFDALAssignment", "EFDALAssignment\EFDALAssignment.csproj", "{EC8D61F3-738C-433E-9572-B2ECBF134C1A}"
EndProject
Project("{FAE04EC0-301F-11D3-BF4B-00C04F79EFBC}") = "AssignmentClient", "AssignmentClient\AssignmentClient.csproj", "{C7D6DDA8-95CB-431E-BC83-4B1CC78E142F}"
EndProject
Global
	GlobalSection(SolutionConfigurationPlatforms) = preSolution
		Debug|Any CPU = Debug|Any CPU
		Release|Any CPU = Release|Any CPU
	EndGlobalSection
	GlobalSection(ProjectConfigurationPlatforms) = postSolution
		{EC8D61F3-738C-433E-9572-B2ECBF134C1A}.Debug|Any CPU.ActiveCfg = Debug|Any CPU
		{EC8D61F3-738C-433E-9572-B2ECBF134C1A}.Debug|Any CPU.Build.0 = Debug|Any CPU
		{EC8D61F3-738C-433E-9572-B2ECBF134C1A}.Release|Any CPU.ActiveCfg = Release|Any CPU
		{EC8D61F3-738C-433E-9572-B2ECBF134C1A}.Release|Any CPU.Build.0 = Release|Any CPU
		{C7D6DDA8-95CB-431E-BC83-4B1CC78E142F}.Debug|Any CPU.ActiveCfg = Debug|Any CPU
		{C7D6DDA8-95CB-431E-BC83-4B1CC78E142F}.Debug|Any CPU.Build.0 = Debug|Any CPU
		{C7D6DDA8-95CB-431E-BC83-4B1CC78E142F}.Release|Any CPU.ActiveCfg = Release|Any CPU
		{C7D6DDA8-95CB-431E-BC83-4B1CC78E142F}.Release|Any CPU.Build.0 = Release|Any CPU
	EndGlobalSection
	GlobalSection(SolutionProperties) = preSolution
		HideSolutionNode = FALSE
	EndGlobalSection
	GlobalSection(ExtensibilityGlobals) = postSolution
		SolutionGuid = {1CA6E6FA-7179-4B71-A385-DA2EFFC4D64C}
	EndGlobalSection
EndGlobal
