
Microsoft Visual Studio Solution File, Format Version 12.00
# Visual Studio Version 16
VisualStudioVersion = 16.0.29613.14
MinimumVisualStudioVersion = 10.0.40219.1
Project("{FAE04EC0-301F-11D3-BF4B-00C04F79EFBC}") = "DemoDeligate2", "DemoDeligate2.csproj", "{85FAEF67-2835-45F5-A3EB-18769652F4AB}"
EndProject
Global
	GlobalSection(SolutionConfigurationPlatforms) = preSolution
		Debug|Any CPU = Debug|Any CPU
		Release|Any CPU = Release|Any CPU
	EndGlobalSection
	GlobalSection(ProjectConfigurationPlatforms) = postSolution
		{85FAEF67-2835-45F5-A3EB-18769652F4AB}.Debug|Any CPU.ActiveCfg = Debug|Any CPU
		{85FAEF67-2835-45F5-A3EB-18769652F4AB}.Debug|Any CPU.Build.0 = Debug|Any CPU
		{85FAEF67-2835-45F5-A3EB-18769652F4AB}.Release|Any CPU.ActiveCfg = Release|Any CPU
		{85FAEF67-2835-45F5-A3EB-18769652F4AB}.Release|Any CPU.Build.0 = Release|Any CPU
	EndGlobalSection
	GlobalSection(SolutionProperties) = preSolution
		HideSolutionNode = FALSE
	EndGlobalSection
	GlobalSection(ExtensibilityGlobals) = postSolution
		SolutionGuid = {6B74E7BC-7F17-450C-8057-991D7A7FD9F8}
	EndGlobalSection
EndGlobal
