
Microsoft Visual Studio Solution File, Format Version 12.00
# Visual Studio Version 16
VisualStudioVersion = 16.0.29613.14
MinimumVisualStudioVersion = 10.0.40219.1
Project("{FAE04EC0-301F-11D3-BF4B-00C04F79EFBC}") = "WebApplication1", "WebApplication1.csproj", "{EFAE86EE-ABC7-4F0F-8074-C33F9BF2733E}"
EndProject
Global
	GlobalSection(SolutionConfigurationPlatforms) = preSolution
		Debug|Any CPU = Debug|Any CPU
		Release|Any CPU = Release|Any CPU
	EndGlobalSection
	GlobalSection(ProjectConfigurationPlatforms) = postSolution
		{EFAE86EE-ABC7-4F0F-8074-C33F9BF2733E}.Debug|Any CPU.ActiveCfg = Debug|Any CPU
		{EFAE86EE-ABC7-4F0F-8074-C33F9BF2733E}.Debug|Any CPU.Build.0 = Debug|Any CPU
		{EFAE86EE-ABC7-4F0F-8074-C33F9BF2733E}.Release|Any CPU.ActiveCfg = Release|Any CPU
		{EFAE86EE-ABC7-4F0F-8074-C33F9BF2733E}.Release|Any CPU.Build.0 = Release|Any CPU
	EndGlobalSection
	GlobalSection(SolutionProperties) = preSolution
		HideSolutionNode = FALSE
	EndGlobalSection
	GlobalSection(ExtensibilityGlobals) = postSolution
		SolutionGuid = {08CD3F39-D39E-47BB-8354-6B225B6BA97F}
	EndGlobalSection
EndGlobal
