
Microsoft Visual Studio Solution File, Format Version 12.00
# Visual Studio Version 16
VisualStudioVersion = 16.0.29613.14
MinimumVisualStudioVersion = 10.0.40219.1
Project("{FAE04EC0-301F-11D3-BF4B-00C04F79EFBC}") = "DemoHierarchical", "DemoHierarchical.csproj", "{32EB09E1-EAD0-484F-BA91-FF4CBF126503}"
EndProject
Global
	GlobalSection(SolutionConfigurationPlatforms) = preSolution
		Debug|Any CPU = Debug|Any CPU
		Release|Any CPU = Release|Any CPU
	EndGlobalSection
	GlobalSection(ProjectConfigurationPlatforms) = postSolution
		{32EB09E1-EAD0-484F-BA91-FF4CBF126503}.Debug|Any CPU.ActiveCfg = Debug|Any CPU
		{32EB09E1-EAD0-484F-BA91-FF4CBF126503}.Debug|Any CPU.Build.0 = Debug|Any CPU
		{32EB09E1-EAD0-484F-BA91-FF4CBF126503}.Release|Any CPU.ActiveCfg = Release|Any CPU
		{32EB09E1-EAD0-484F-BA91-FF4CBF126503}.Release|Any CPU.Build.0 = Release|Any CPU
	EndGlobalSection
	GlobalSection(SolutionProperties) = preSolution
		HideSolutionNode = FALSE
	EndGlobalSection
	GlobalSection(ExtensibilityGlobals) = postSolution
		SolutionGuid = {8A922FB5-38B1-45AF-BE92-F8A753EC7FEE}
	EndGlobalSection
EndGlobal
