
Microsoft Visual Studio Solution File, Format Version 12.00
# Visual Studio Version 16
VisualStudioVersion = 16.0.29613.14
MinimumVisualStudioVersion = 10.0.40219.1
Project("{FAE04EC0-301F-11D3-BF4B-00C04F79EFBC}") = "AssignmentOnMVCUsingModelValidations", "AssignmentOnMVCUsingModelValidations.csproj", "{62070295-C334-4D6E-99E9-F3BE8A313153}"
EndProject
Global
	GlobalSection(SolutionConfigurationPlatforms) = preSolution
		Debug|Any CPU = Debug|Any CPU
		Release|Any CPU = Release|Any CPU
	EndGlobalSection
	GlobalSection(ProjectConfigurationPlatforms) = postSolution
		{62070295-C334-4D6E-99E9-F3BE8A313153}.Debug|Any CPU.ActiveCfg = Debug|Any CPU
		{62070295-C334-4D6E-99E9-F3BE8A313153}.Debug|Any CPU.Build.0 = Debug|Any CPU
		{62070295-C334-4D6E-99E9-F3BE8A313153}.Release|Any CPU.ActiveCfg = Release|Any CPU
		{62070295-C334-4D6E-99E9-F3BE8A313153}.Release|Any CPU.Build.0 = Release|Any CPU
	EndGlobalSection
	GlobalSection(SolutionProperties) = preSolution
		HideSolutionNode = FALSE
	EndGlobalSection
	GlobalSection(ExtensibilityGlobals) = postSolution
		SolutionGuid = {8835D941-7928-416D-8B2C-9D19675DC823}
	EndGlobalSection
EndGlobal
